Microsoft Visual Studio Solution File, Format Version 11.00
# Visual Studio 2008

Project("{5CFAB209-F1A2-1F68-3D67-83DB718DDB0B}") = "Pollinator-Flower-Defense", "Assembly-CSharp-firstpass.csproj", "{11160A99-6019-F76B-9BFD-D924A2F6D955}"
EndProject
Project("{5CFAB209-F1A2-1F68-3D67-83DB718DDB0B}") = "Pollinator-Flower-Defense", "Assembly-CSharp.csproj", "{2E45A6C8-F289-039C-4D78-7B859903BE7E}"
EndProject
Project("{5CFAB209-F1A2-1F68-3D67-83DB718DDB0B}") = "Pollinator-Flower-Defense", "Assembly-CSharp-Editor.csproj", "{259F8F34-4B9A-30A2-D21A-14F838143B6C}"
EndProject
Project("{5CFAB209-F1A2-1F68-3D67-83DB718DDB0B}") = "Pollinator-Flower-Defense", "Assembly-UnityScript.unityproj", "{F1118024-DC1A-2CF8-A45E-97707EB4663F}"
EndProject
Global
	GlobalSection(SolutionConfigurationPlatforms) = preSolution
		Debug|Any CPU = Debug|Any CPU
		Release|Any CPU = Release|Any CPU
	EndGlobalSection
	GlobalSection(ProjectConfigurationPlatforms) = postSolution
		{11160A99-6019-F76B-9BFD-D924A2F6D955}.Debug|Any CPU.ActiveCfg = Debug|Any CPU
		{11160A99-6019-F76B-9BFD-D924A2F6D955}.Debug|Any CPU.Build.0 = Debug|Any CPU
		{11160A99-6019-F76B-9BFD-D924A2F6D955}.Release|Any CPU.ActiveCfg = Release|Any CPU
		{11160A99-6019-F76B-9BFD-D924A2F6D955}.Release|Any CPU.Build.0 = Release|Any CPU
		{2E45A6C8-F289-039C-4D78-7B859903BE7E}.Debug|Any CPU.ActiveCfg = Debug|Any CPU
		{2E45A6C8-F289-039C-4D78-7B859903BE7E}.Debug|Any CPU.Build.0 = Debug|Any CPU
		{2E45A6C8-F289-039C-4D78-7B859903BE7E}.Release|Any CPU.ActiveCfg = Release|Any CPU
		{2E45A6C8-F289-039C-4D78-7B859903BE7E}.Release|Any CPU.Build.0 = Release|Any CPU
		{259F8F34-4B9A-30A2-D21A-14F838143B6C}.Debug|Any CPU.ActiveCfg = Debug|Any CPU
		{259F8F34-4B9A-30A2-D21A-14F838143B6C}.Debug|Any CPU.Build.0 = Debug|Any CPU
		{259F8F34-4B9A-30A2-D21A-14F838143B6C}.Release|Any CPU.ActiveCfg = Release|Any CPU
		{259F8F34-4B9A-30A2-D21A-14F838143B6C}.Release|Any CPU.Build.0 = Release|Any CPU
		{F1118024-DC1A-2CF8-A45E-97707EB4663F}.Debug|Any CPU.ActiveCfg = Debug|Any CPU
		{F1118024-DC1A-2CF8-A45E-97707EB4663F}.Debug|Any CPU.Build.0 = Debug|Any CPU
		{F1118024-DC1A-2CF8-A45E-97707EB4663F}.Release|Any CPU.ActiveCfg = Release|Any CPU
		{F1118024-DC1A-2CF8-A45E-97707EB4663F}.Release|Any CPU.Build.0 = Release|Any CPU
	EndGlobalSection
	GlobalSection(SolutionProperties) = preSolution
		HideSolutionNode = FALSE
	EndGlobalSection
																																																									GlobalSection(MonoDevelopProperties) = preSolution
		StartupItem = Assembly-CSharp.csproj
		Policies = $0
		$0.TextStylePolicy = $1
		$1.inheritsSet = null
		$1.scope = text/x-csharp
		$0.CSharpFormattingPolicy = $2
		$2.inheritsSet = Mono
		$2.inheritsScope = text/x-csharp
		$2.scope = text/x-csharp
		$0.TextStylePolicy = $3
		$3.FileWidth = 120
		$3.TabWidth = 4
		$3.EolMarker = Unix
		$3.inheritsSet = Mono
		$3.inheritsScope = text/plain
		$3.scope = text/plain
	EndGlobalSection

EndGlobal
